
Microsoft Visual Studio Solution File, Format Version 12.00
# Visual Studio Version 17
VisualStudioVersion = 17.4.33213.308
MinimumVisualStudioVersion = 10.0.40219.1
Project("{FAE04EC0-301F-11D3-BF4B-00C04F79EFBC}") = "ChessExperiment", "ChessExperiment.csproj", "{987E690F-3646-41E4-8CC0-67DE6ECA1376}"
EndProject
Global
	GlobalSection(SolutionConfigurationPlatforms) = preSolution
		Debug|Any CPU = Debug|Any CPU
		Release|Any CPU = Release|Any CPU
	EndGlobalSection
	GlobalSection(ProjectConfigurationPlatforms) = postSolution
		{987E690F-3646-41E4-8CC0-67DE6ECA1376}.Debug|Any CPU.ActiveCfg = Debug|Any CPU
		{987E690F-3646-41E4-8CC0-67DE6ECA1376}.Debug|Any CPU.Build.0 = Debug|Any CPU
		{987E690F-3646-41E4-8CC0-67DE6ECA1376}.Release|Any CPU.ActiveCfg = Release|Any CPU
		{987E690F-3646-41E4-8CC0-67DE6ECA1376}.Release|Any CPU.Build.0 = Release|Any CPU
	EndGlobalSection
	GlobalSection(SolutionProperties) = preSolution
		HideSolutionNode = FALSE
	EndGlobalSection
	GlobalSection(ExtensibilityGlobals) = postSolution
		SolutionGuid = {E63C973E-76B2-4635-ACB0-3DD106D6E2B5}
	EndGlobalSection
EndGlobal
